
Microsoft Visual Studio Solution File, Format Version 12.00
# Visual Studio Version 17
VisualStudioVersion = 17.3.32901.215
MinimumVisualStudioVersion = 10.0.40219.1
Project("{2150E333-8FDC-42A3-9474-1A3956D46DE8}") = "Services", "Services", "{243E17FE-2901-483D-BEE0-E3239B1C8335}"
EndProject
Project("{9A19103F-16F7-4668-BE54-9A1E7A4F7556}") = "F1.API", "Services\F1\F1.API\F1.API.csproj", "{1EE4E228-FC18-4EF3-A7A4-B88BF183EE5B}"
EndProject
Project("{9A19103F-16F7-4668-BE54-9A1E7A4F7556}") = "F1.Application", "Services\F1\F1.Application\F1.Application.csproj", "{FD64D376-DEBB-40F7-946A-7C4E4F684A69}"
EndProject
Project("{9A19103F-16F7-4668-BE54-9A1E7A4F7556}") = "F1.Domain", "Services\F1\F1.Domain\F1.Domain.csproj", "{3F4C1604-A073-417E-8E5D-24D7856D8BCB}"
EndProject
Project("{9A19103F-16F7-4668-BE54-9A1E7A4F7556}") = "F1.Infrastructure", "Services\F1\F1.Infrastructure\F1.Infrastructure.csproj", "{D07310F4-0260-4295-8D9F-332BEC1A8875}"
EndProject
Project("{E53339B2-1760-4266-BCC7-CA923CBCF16C}") = "docker-compose", "docker-compose.dcproj", "{38FE668A-09B2-4F27-A914-B8CB2F85D85F}"
EndProject
Project("{FAE04EC0-301F-11D3-BF4B-00C04F79EFBC}") = "Seed", "Services\Seed\Seed\Seed.csproj", "{39E1BA24-8159-4AD7-A65C-7559D1A6AFAC}"
EndProject
Project("{FAE04EC0-301F-11D3-BF4B-00C04F79EFBC}") = "EventBus.Messages", "RabbitMQBuss.Messages\EventBus.Messages\EventBus.Messages.csproj", "{F11C6803-37F7-4672-8FB0-85CA71714835}"
EndProject
Global
	GlobalSection(SolutionConfigurationPlatforms) = preSolution
		Debug|Any CPU = Debug|Any CPU
		Release|Any CPU = Release|Any CPU
	EndGlobalSection
	GlobalSection(ProjectConfigurationPlatforms) = postSolution
		{1EE4E228-FC18-4EF3-A7A4-B88BF183EE5B}.Debug|Any CPU.ActiveCfg = Debug|Any CPU
		{1EE4E228-FC18-4EF3-A7A4-B88BF183EE5B}.Debug|Any CPU.Build.0 = Debug|Any CPU
		{1EE4E228-FC18-4EF3-A7A4-B88BF183EE5B}.Release|Any CPU.ActiveCfg = Release|Any CPU
		{1EE4E228-FC18-4EF3-A7A4-B88BF183EE5B}.Release|Any CPU.Build.0 = Release|Any CPU
		{FD64D376-DEBB-40F7-946A-7C4E4F684A69}.Debug|Any CPU.ActiveCfg = Debug|Any CPU
		{FD64D376-DEBB-40F7-946A-7C4E4F684A69}.Debug|Any CPU.Build.0 = Debug|Any CPU
		{FD64D376-DEBB-40F7-946A-7C4E4F684A69}.Release|Any CPU.ActiveCfg = Release|Any CPU
		{FD64D376-DEBB-40F7-946A-7C4E4F684A69}.Release|Any CPU.Build.0 = Release|Any CPU
		{3F4C1604-A073-417E-8E5D-24D7856D8BCB}.Debug|Any CPU.ActiveCfg = Debug|Any CPU
		{3F4C1604-A073-417E-8E5D-24D7856D8BCB}.Debug|Any CPU.Build.0 = Debug|Any CPU
		{3F4C1604-A073-417E-8E5D-24D7856D8BCB}.Release|Any CPU.ActiveCfg = Release|Any CPU
		{3F4C1604-A073-417E-8E5D-24D7856D8BCB}.Release|Any CPU.Build.0 = Release|Any CPU
		{D07310F4-0260-4295-8D9F-332BEC1A8875}.Debug|Any CPU.ActiveCfg = Debug|Any CPU
		{D07310F4-0260-4295-8D9F-332BEC1A8875}.Debug|Any CPU.Build.0 = Debug|Any CPU
		{D07310F4-0260-4295-8D9F-332BEC1A8875}.Release|Any CPU.ActiveCfg = Release|Any CPU
		{D07310F4-0260-4295-8D9F-332BEC1A8875}.Release|Any CPU.Build.0 = Release|Any CPU
		{38FE668A-09B2-4F27-A914-B8CB2F85D85F}.Debug|Any CPU.ActiveCfg = Debug|Any CPU
		{38FE668A-09B2-4F27-A914-B8CB2F85D85F}.Debug|Any CPU.Build.0 = Debug|Any CPU
		{38FE668A-09B2-4F27-A914-B8CB2F85D85F}.Release|Any CPU.ActiveCfg = Release|Any CPU
		{38FE668A-09B2-4F27-A914-B8CB2F85D85F}.Release|Any CPU.Build.0 = Release|Any CPU
		{39E1BA24-8159-4AD7-A65C-7559D1A6AFAC}.Debug|Any CPU.ActiveCfg = Debug|Any CPU
		{39E1BA24-8159-4AD7-A65C-7559D1A6AFAC}.Debug|Any CPU.Build.0 = Debug|Any CPU
		{39E1BA24-8159-4AD7-A65C-7559D1A6AFAC}.Release|Any CPU.ActiveCfg = Release|Any CPU
		{39E1BA24-8159-4AD7-A65C-7559D1A6AFAC}.Release|Any CPU.Build.0 = Release|Any CPU
		{F11C6803-37F7-4672-8FB0-85CA71714835}.Debug|Any CPU.ActiveCfg = Debug|Any CPU
		{F11C6803-37F7-4672-8FB0-85CA71714835}.Debug|Any CPU.Build.0 = Debug|Any CPU
		{F11C6803-37F7-4672-8FB0-85CA71714835}.Release|Any CPU.ActiveCfg = Release|Any CPU
		{F11C6803-37F7-4672-8FB0-85CA71714835}.Release|Any CPU.Build.0 = Release|Any CPU
	EndGlobalSection
	GlobalSection(SolutionProperties) = preSolution
		HideSolutionNode = FALSE
	EndGlobalSection
	GlobalSection(NestedProjects) = preSolution
		{1EE4E228-FC18-4EF3-A7A4-B88BF183EE5B} = {243E17FE-2901-483D-BEE0-E3239B1C8335}
		{FD64D376-DEBB-40F7-946A-7C4E4F684A69} = {243E17FE-2901-483D-BEE0-E3239B1C8335}
		{3F4C1604-A073-417E-8E5D-24D7856D8BCB} = {243E17FE-2901-483D-BEE0-E3239B1C8335}
		{D07310F4-0260-4295-8D9F-332BEC1A8875} = {243E17FE-2901-483D-BEE0-E3239B1C8335}
	EndGlobalSection
	GlobalSection(ExtensibilityGlobals) = postSolution
		SolutionGuid = {311AE1E0-448A-4EBF-88A6-2B995769148A}
	EndGlobalSection
EndGlobal
